
Microsoft Visual Studio Solution File, Format Version 12.00
# Visual Studio Version 17
VisualStudioVersion = 17.5.002.0
MinimumVisualStudioVersion = 10.0.40219.1
Project("{9A19103F-16F7-4668-BE54-9A1E7A4F7556}") = "dotnetapp", "dotnetapp\dotnetapp.csproj", "{485CECFF-3102-4049-A142-7D7E9B26A005}"
EndProject
Global
	GlobalSection(SolutionConfigurationPlatforms) = preSolution
		Debug|Any CPU = Debug|Any CPU
		Release|Any CPU = Release|Any CPU
	EndGlobalSection
	GlobalSection(ProjectConfigurationPlatforms) = postSolution
		{485CECFF-3102-4049-A142-7D7E9B26A005}.Debug|Any CPU.ActiveCfg = Debug|Any CPU
		{485CECFF-3102-4049-A142-7D7E9B26A005}.Debug|Any CPU.Build.0 = Debug|Any CPU
		{485CECFF-3102-4049-A142-7D7E9B26A005}.Release|Any CPU.ActiveCfg = Release|Any CPU
		{485CECFF-3102-4049-A142-7D7E9B26A005}.Release|Any CPU.Build.0 = Release|Any CPU
	EndGlobalSection
	GlobalSection(SolutionProperties) = preSolution
		HideSolutionNode = FALSE
	EndGlobalSection
	GlobalSection(ExtensibilityGlobals) = postSolution
		SolutionGuid = {CC385543-F1BA-490B-AF8B-B1520BCEE055}
	EndGlobalSection
EndGlobal
